Microsoft Visual Studio Solution File, Format Version 12.00
# Visual Studio Version 17
VisualStudioVersion = 17.5.2.0
MinimumVisualStudioVersion = 10.0.40219.1
Project("{FAE04EC0-301F-11D3-BF4B-00C04F79EFBC}") = "SignalRWebpack", "SignalRWebpack.csproj", "{7DDD38E6-C919-0E67-D63B-38937D709EFB}"
EndProject
Global
	GlobalSection(SolutionConfigurationPlatforms) = preSolution
		Debug|Any CPU = Debug|Any CPU
		Release|Any CPU = Release|Any CPU
	EndGlobalSection
	GlobalSection(ProjectConfigurationPlatforms) = postSolution
		{7DDD38E6-C919-0E67-D63B-38937D709EFB}.Debug|Any CPU.ActiveCfg = Debug|Any CPU
		{7DDD38E6-C919-0E67-D63B-38937D709EFB}.Debug|Any CPU.Build.0 = Debug|Any CPU
		{7DDD38E6-C919-0E67-D63B-38937D709EFB}.Release|Any CPU.ActiveCfg = Release|Any CPU
		{7DDD38E6-C919-0E67-D63B-38937D709EFB}.Release|Any CPU.Build.0 = Release|Any CPU
	EndGlobalSection
	GlobalSection(SolutionProperties) = preSolution
		HideSolutionNode = FALSE
	EndGlobalSection
	GlobalSection(ExtensibilityGlobals) = postSolution
		SolutionGuid = {C46A6F1D-77E3-4C30-95B3-BFD4FBBDBC50}
	EndGlobalSection
EndGlobal
